
Microsoft Visual Studio Solution File, Format Version 12.00
# Visual Studio 15
VisualStudioVersion = 15.0.27004.2010
MinimumVisualStudioVersion = 10.0.40219.1
Project("{FAE04EC0-301F-11D3-BF4B-00C04F79EFBC}") = "Speechtoy", "Speechtoy\Speechtoy.csproj", "{EB23C464-98D0-4536-8039-47EEBB7EF42B}"
EndProject
Project("{FAE04EC0-301F-11D3-BF4B-00C04F79EFBC}") = "SpeechtoyGUI.Win", "SpeechtoyGUI.Win\SpeechtoyGUI.Win.csproj", "{9A36F974-396B-4008-9D54-0923CBE63D64}"
EndProject
Global
	GlobalSection(SolutionConfigurationPlatforms) = preSolution
		Debug|Any CPU = Debug|Any CPU
		Release|Any CPU = Release|Any CPU
	EndGlobalSection
	GlobalSection(ProjectConfigurationPlatforms) = postSolution
		{EB23C464-98D0-4536-8039-47EEBB7EF42B}.Debug|Any CPU.ActiveCfg = Debug|Any CPU
		{EB23C464-98D0-4536-8039-47EEBB7EF42B}.Debug|Any CPU.Build.0 = Debug|Any CPU
		{EB23C464-98D0-4536-8039-47EEBB7EF42B}.Release|Any CPU.ActiveCfg = Release|Any CPU
		{EB23C464-98D0-4536-8039-47EEBB7EF42B}.Release|Any CPU.Build.0 = Release|Any CPU
		{9A36F974-396B-4008-9D54-0923CBE63D64}.Debug|Any CPU.ActiveCfg = Debug|Any CPU
		{9A36F974-396B-4008-9D54-0923CBE63D64}.Debug|Any CPU.Build.0 = Debug|Any CPU
		{9A36F974-396B-4008-9D54-0923CBE63D64}.Release|Any CPU.ActiveCfg = Release|Any CPU
		{9A36F974-396B-4008-9D54-0923CBE63D64}.Release|Any CPU.Build.0 = Release|Any CPU
	EndGlobalSection
	GlobalSection(SolutionProperties) = preSolution
		HideSolutionNode = FALSE
	EndGlobalSection
	GlobalSection(ExtensibilityGlobals) = postSolution
		SolutionGuid = {E6850497-C965-4E36-A4EB-49E8325BD5FC}
	EndGlobalSection
EndGlobal
